
Microsoft Visual Studio Solution File, Format Version 12.00
# Visual Studio Version 17
VisualStudioVersion = 17.12.35707.178 d17.12
MinimumVisualStudioVersion = 10.0.40219.1
Project("{FAE04EC0-301F-11D3-BF4B-00C04F79EFBC}") = "Api", "Api\Api.csproj", "{600AF4C8-5CF8-4CFE-8DFD-05378AD85D1F}"
EndProject
Project("{E53339B2-1760-4266-BCC7-CA923CBCF16C}") = "docker-compose", "docker-compose.dcproj", "{A10A6C68-1C4B-44C0-9410-F0681949A527}"
EndProject
Global
	GlobalSection(SolutionConfigurationPlatforms) = preSolution
		Debug|Any CPU = Debug|Any CPU
		Release|Any CPU = Release|Any CPU
	EndGlobalSection
	GlobalSection(ProjectConfigurationPlatforms) = postSolution
		{600AF4C8-5CF8-4CFE-8DFD-05378AD85D1F}.Debug|Any CPU.ActiveCfg = Debug|Any CPU
		{600AF4C8-5CF8-4CFE-8DFD-05378AD85D1F}.Debug|Any CPU.Build.0 = Debug|Any CPU
		{600AF4C8-5CF8-4CFE-8DFD-05378AD85D1F}.Release|Any CPU.ActiveCfg = Release|Any CPU
		{600AF4C8-5CF8-4CFE-8DFD-05378AD85D1F}.Release|Any CPU.Build.0 = Release|Any CPU
		{A10A6C68-1C4B-44C0-9410-F0681949A527}.Debug|Any CPU.ActiveCfg = Debug|Any CPU
		{A10A6C68-1C4B-44C0-9410-F0681949A527}.Debug|Any CPU.Build.0 = Debug|Any CPU
		{A10A6C68-1C4B-44C0-9410-F0681949A527}.Release|Any CPU.ActiveCfg = Release|Any CPU
		{A10A6C68-1C4B-44C0-9410-F0681949A527}.Release|Any CPU.Build.0 = Release|Any CPU
	EndGlobalSection
	GlobalSection(SolutionProperties) = preSolution
		HideSolutionNode = FALSE
	EndGlobalSection
EndGlobal
